
Microsoft Visual Studio Solution File, Format Version 12.00
# Visual Studio Version 16
VisualStudioVersion = 16.0.31229.75
MinimumVisualStudioVersion = 10.0.40219.1
Project("{9A19103F-16F7-4668-BE54-9A1E7A4F7556}") = "advent-day1", "advent-day1\advent-day1.csproj", "{74E433F2-EC1A-42FE-B5B8-CDB056631BB1}"
EndProject
Project("{9A19103F-16F7-4668-BE54-9A1E7A4F7556}") = "advent-day2", "advent-day2\advent-day2.csproj", "{44561BF7-B8F9-46FB-B3A7-3AEE096653F7}"
EndProject
Project("{9A19103F-16F7-4668-BE54-9A1E7A4F7556}") = "advent-day3", "advent-day3\advent-day3.csproj", "{E03021DC-B9DA-430C-8440-3759CC1782E2}"
EndProject
Project("{9A19103F-16F7-4668-BE54-9A1E7A4F7556}") = "advent-day4", "advent-day4\advent-day4.csproj", "{F2A8FDA0-43CD-463D-BCE5-297EC971D8DE}"
EndProject
Project("{FAE04EC0-301F-11D3-BF4B-00C04F79EFBC}") = "advent-day5", "advent-day5\advent-day5.csproj", "{28A798C6-1AA5-4D76-8DC4-B378935BA3FF}"
EndProject
Global
	GlobalSection(SolutionConfigurationPlatforms) = preSolution
		Debug|Any CPU = Debug|Any CPU
		Release|Any CPU = Release|Any CPU
	EndGlobalSection
	GlobalSection(ProjectConfigurationPlatforms) = postSolution
		{74E433F2-EC1A-42FE-B5B8-CDB056631BB1}.Debug|Any CPU.ActiveCfg = Debug|Any CPU
		{74E433F2-EC1A-42FE-B5B8-CDB056631BB1}.Debug|Any CPU.Build.0 = Debug|Any CPU
		{74E433F2-EC1A-42FE-B5B8-CDB056631BB1}.Release|Any CPU.ActiveCfg = Release|Any CPU
		{74E433F2-EC1A-42FE-B5B8-CDB056631BB1}.Release|Any CPU.Build.0 = Release|Any CPU
		{44561BF7-B8F9-46FB-B3A7-3AEE096653F7}.Debug|Any CPU.ActiveCfg = Debug|Any CPU
		{44561BF7-B8F9-46FB-B3A7-3AEE096653F7}.Debug|Any CPU.Build.0 = Debug|Any CPU
		{44561BF7-B8F9-46FB-B3A7-3AEE096653F7}.Release|Any CPU.ActiveCfg = Release|Any CPU
		{44561BF7-B8F9-46FB-B3A7-3AEE096653F7}.Release|Any CPU.Build.0 = Release|Any CPU
		{E03021DC-B9DA-430C-8440-3759CC1782E2}.Debug|Any CPU.ActiveCfg = Debug|Any CPU
		{E03021DC-B9DA-430C-8440-3759CC1782E2}.Debug|Any CPU.Build.0 = Debug|Any CPU
		{E03021DC-B9DA-430C-8440-3759CC1782E2}.Release|Any CPU.ActiveCfg = Release|Any CPU
		{E03021DC-B9DA-430C-8440-3759CC1782E2}.Release|Any CPU.Build.0 = Release|Any CPU
		{F2A8FDA0-43CD-463D-BCE5-297EC971D8DE}.Debug|Any CPU.ActiveCfg = Debug|Any CPU
		{F2A8FDA0-43CD-463D-BCE5-297EC971D8DE}.Debug|Any CPU.Build.0 = Debug|Any CPU
		{F2A8FDA0-43CD-463D-BCE5-297EC971D8DE}.Release|Any CPU.ActiveCfg = Release|Any CPU
		{F2A8FDA0-43CD-463D-BCE5-297EC971D8DE}.Release|Any CPU.Build.0 = Release|Any CPU
		{28A798C6-1AA5-4D76-8DC4-B378935BA3FF}.Debug|Any CPU.ActiveCfg = Debug|Any CPU
		{28A798C6-1AA5-4D76-8DC4-B378935BA3FF}.Debug|Any CPU.Build.0 = Debug|Any CPU
		{28A798C6-1AA5-4D76-8DC4-B378935BA3FF}.Release|Any CPU.ActiveCfg = Release|Any CPU
		{28A798C6-1AA5-4D76-8DC4-B378935BA3FF}.Release|Any CPU.Build.0 = Release|Any CPU
	EndGlobalSection
	GlobalSection(SolutionProperties) = preSolution
		HideSolutionNode = FALSE
	EndGlobalSection
	GlobalSection(ExtensibilityGlobals) = postSolution
		SolutionGuid = {E7ED25FE-35D6-4BFB-A650-2FAFDC86F95E}
	EndGlobalSection
EndGlobal
